GEM
  remote: https://rubygems.org/
  specs:
    base64 (0.3.0)
    csv (3.3.5)
    logger (1.7.0)
    mustermann (3.1.1)
    nio4r (2.7.5)
    puma (6.6.1)
      nio4r (~> 2.0)
    rack (3.2.6)
    rack-protection (4.2.1)
      base64 (>= 0.1.0)
      logger (>= 1.6.0)
      rack (>= 3.0.0, < 4)
    rack-session (2.1.2)
      base64 (>= 0.1.0)
      rack (>= 3.0.0)
    sinatra (4.2.1)
      logger (>= 1.6.0)
      mustermann (~> 3.0)
      rack (>= 3.0.0, < 4)
      rack-protection (= 4.2.1)
      rack-session (>= 2.0.0, < 3)
      tilt (~> 2.0)
    sqlite3 (2.9.4-aarch64-linux-gnu)
    sqlite3 (2.9.4-aarch64-linux-musl)
    sqlite3 (2.9.4-arm-linux-gnu)
    sqlite3 (2.9.4-arm-linux-musl)
    sqlite3 (2.9.4-arm64-darwin)
    sqlite3 (2.9.4-x86-linux-gnu)
    sqlite3 (2.9.4-x86-linux-musl)
    sqlite3 (2.9.4-x86_64-darwin)
    sqlite3 (2.9.4-x86_64-linux-gnu)
    sqlite3 (2.9.4-x86_64-linux-musl)
    tilt (2.7.0)

PLATFORMS
  aarch64-linux-gnu
  aarch64-linux-musl
  arm-linux-gnu
  arm-linux-musl
  arm64-darwin
  x86-linux-gnu
  x86-linux-musl
  x86_64-darwin
  x86_64-linux-gnu
  x86_64-linux-musl

DEPENDENCIES
  csv (~> 3.3)
  puma (~> 6.4)
  sinatra (~> 4.1)
  sqlite3 (~> 2.0)

RUBY VERSION
   ruby 3.4.9p82

BUNDLED WITH
   2.6.9
